
Microsoft Visual Studio Solution File, Format Version 12.00
# Visual Studio Version 17
VisualStudioVersion = 17.7.34202.233
MinimumVisualStudioVersion = 10.0.40219.1
Project("{FAE04EC0-301F-11D3-BF4B-00C04F79EFBC}") = "MinimalLLama", "MinimalLLama.csproj", "{F7DE3CBA-5504-4D23-85F8-3170AF5DB44E}"
EndProject
Global
	GlobalSection(SolutionConfigurationPlatforms) = preSolution
		Debug|Any CPU = Debug|Any CPU
		Release|Any CPU = Release|Any CPU
	EndGlobalSection
	GlobalSection(ProjectConfigurationPlatforms) = postSolution
		{F7DE3CBA-5504-4D23-85F8-3170AF5DB44E}.Debug|Any CPU.ActiveCfg = Debug|Any CPU
		{F7DE3CBA-5504-4D23-85F8-3170AF5DB44E}.Debug|Any CPU.Build.0 = Debug|Any CPU
		{F7DE3CBA-5504-4D23-85F8-3170AF5DB44E}.Release|Any CPU.ActiveCfg = Release|Any CPU
		{F7DE3CBA-5504-4D23-85F8-3170AF5DB44E}.Release|Any CPU.Build.0 = Release|Any CPU
	EndGlobalSection
	GlobalSection(SolutionProperties) = preSolution
		HideSolutionNode = FALSE
	EndGlobalSection
	GlobalSection(ExtensibilityGlobals) = postSolution
		SolutionGuid = {82375A16-1900-44DC-9CFD-F3888B6A3890}
	EndGlobalSection
EndGlobal
